
Microsoft Visual Studio Solution File, Format Version 12.00
# Visual Studio Version 17
VisualStudioVersion = 17.14.36603.0 d17.14
MinimumVisualStudioVersion = 10.0.40219.1
Project("{FAE04EC0-301F-11D3-BF4B-00C04F79EFBC}") = "RAT_WPF", "RAT_WPF\RAT_WPF.csproj", "{E0CE3C2E-05E8-47E4-82CF-AA68CEC5FE43}"
EndProject
Project("{FAE04EC0-301F-11D3-BF4B-00C04F79EFBC}") = "RAT_Logic", "RAT_Logic\RAT_Logic.csproj", "{597317F4-80FE-4730-9274-A24455902A0C}"
EndProject
Project("{FAE04EC0-301F-11D3-BF4B-00C04F79EFBC}") = "RAT_Data", "RAT_Data\RAT_Data.csproj", "{C18022DE-8EA2-485A-9590-1666D394AE4A}"
EndProject
Global
	GlobalSection(SolutionConfigurationPlatforms) = preSolution
		Debug|Any CPU = Debug|Any CPU
		Release|Any CPU = Release|Any CPU
	EndGlobalSection
	GlobalSection(ProjectConfigurationPlatforms) = postSolution
		{E0CE3C2E-05E8-47E4-82CF-AA68CEC5FE43}.Debug|Any CPU.ActiveCfg = Debug|Any CPU
		{E0CE3C2E-05E8-47E4-82CF-AA68CEC5FE43}.Debug|Any CPU.Build.0 = Debug|Any CPU
		{E0CE3C2E-05E8-47E4-82CF-AA68CEC5FE43}.Release|Any CPU.ActiveCfg = Release|Any CPU
		{E0CE3C2E-05E8-47E4-82CF-AA68CEC5FE43}.Release|Any CPU.Build.0 = Release|Any CPU
		{597317F4-80FE-4730-9274-A24455902A0C}.Debug|Any CPU.ActiveCfg = Debug|Any CPU
		{597317F4-80FE-4730-9274-A24455902A0C}.Debug|Any CPU.Build.0 = Debug|Any CPU
		{597317F4-80FE-4730-9274-A24455902A0C}.Release|Any CPU.ActiveCfg = Release|Any CPU
		{597317F4-80FE-4730-9274-A24455902A0C}.Release|Any CPU.Build.0 = Release|Any CPU
		{C18022DE-8EA2-485A-9590-1666D394AE4A}.Debug|Any CPU.ActiveCfg = Debug|Any CPU
		{C18022DE-8EA2-485A-9590-1666D394AE4A}.Debug|Any CPU.Build.0 = Debug|Any CPU
		{C18022DE-8EA2-485A-9590-1666D394AE4A}.Release|Any CPU.ActiveCfg = Release|Any CPU
		{C18022DE-8EA2-485A-9590-1666D394AE4A}.Release|Any CPU.Build.0 = Release|Any CPU
	EndGlobalSection
	GlobalSection(SolutionProperties) = preSolution
		HideSolutionNode = FALSE
	EndGlobalSection
	GlobalSection(ExtensibilityGlobals) = postSolution
		SolutionGuid = {3AA4D4BB-8A96-447F-ABDB-42260D1643A7}
	EndGlobalSection
EndGlobal
